// !$*UTF8*$!
{
	archiveVersion = 1;
	classes = {
	};
	objectVersion = 50;
	objects = {

/* Begin PBXBuildFile section */
		413601C122D11F9F00107CBA /* AppDelegate.swift in Sources */ = {isa = PBXBuildFile; fileRef = 413601C022D11F9F00107CBA /* AppDelegate.swift */; };
		413601C322D11F9F00107CBA /* ViewController.swift in Sources */ = {isa = PBXBuildFile; fileRef = 413601C222D11F9F00107CBA /* ViewController.swift */; };
		413601C622D11F9F00107CBA /* Main.storyboard in Resources */ = {isa = PBXBuildFile; fileRef = 413601C422D11F9F00107CBA /* Main.storyboard */; };
		413601C922D11F9F00107CBA /* ExamenFinal.xcdatamodeld in Sources */ = {isa = PBXBuildFile; fileRef = 413601C722D11F9F00107CBA /* ExamenFinal.xcdatamodeld */; };
		413601CB22D11FA000107CBA /* Assets.xcassets in Resources */ = {isa = PBXBuildFile; fileRef = 413601CA22D11FA000107CBA /* Assets.xcassets */; };
		413601CE22D11FA000107CBA /* LaunchScreen.storyboard in Resources */ = {isa = PBXBuildFile; fileRef = 413601CC22D11FA000107CBA /* LaunchScreen.storyboard */; };
		413601D922D11FA000107CBA /* ExamenFinalTests.swift in Sources */ = {isa = PBXBuildFile; fileRef = 413601D822D11FA000107CBA /* ExamenFinalTests.swift */; };
		413601E422D11FA100107CBA /* ExamenFinalUITests.swift in Sources */ = {isa = PBXBuildFile; fileRef = 413601E322D11FA100107CBA /* ExamenFinalUITests.swift */; };
/* End PBXBuildFile section */

/* Begin PBXContainerItemProxy section */
		413601D522D11FA000107CBA /* PBXContainerItemProxy */ = {
			isa = PBXContainerItemProxy;
			containerPortal = 413601B522D11F9F00107CBA /* Project object */;
			proxyType = 1;
			remoteGlobalIDString = 413601BC22D11F9F00107CBA;
			remoteInfo = ExamenFinal;
		};
		413601E022D11FA100107CBA /* PBXContainerItemProxy */ = {
			isa = PBXContainerItemProxy;
			containerPortal = 413601B522D11F9F00107CBA /* Project object */;
			proxyType = 1;
			remoteGlobalIDString = 413601BC22D11F9F00107CBA;
			remoteInfo = ExamenFinal;
		};
/* End PBXContainerItemProxy section */

/* Begin PBXFileReference section */
		413601BD22D11F9F00107CBA /* ExamenFinal.app */ = {isa = PBXFileReference; explicitFileType = wrapper.application; includeInIndex = 0; path = ExamenFinal.app; sourceTree = BUILT_PRODUCTS_DIR; };
		413601C022D11F9F00107CBA /* AppDelegate.swift */ = {isa = PBXFileReference; lastKnownFileType = sourcecode.swift; path = AppDelegate.swift; sourceTree = "<group>"; };
		413601C222D11F9F00107CBA /* ViewController.swift */ = {isa = PBXFileReference; lastKnownFileType = sourcecode.swift; path = ViewController.swift; sourceTree = "<group>"; };
		413601C522D11F9F00107CBA /* Base */ = {isa = PBXFileReference; lastKnownFileType = file.storyboard; name = Base; path = Base.lproj/Main.storyboard; sourceTree = "<group>"; };
		413601C822D11F9F00107CBA /* ExamenFinal.xcdatamodel */ = {isa = PBXFileReference; lastKnownFileType = wrapper.xcdatamodel; path = ExamenFinal.xcdatamodel; sourceTree = "<group>"; };
		413601CA22D11FA000107CBA /* Assets.xcassets */ = {isa = PBXFileReference; lastKnownFileType = folder.assetcatalog; path = Assets.xcassets; sourceTree = "<group>"; };
		413601CD22D11FA000107CBA /* Base */ = {isa = PBXFileReference; lastKnownFileType = file.storyboard; name = Base; path = Base.lproj/LaunchScreen.storyboard; sourceTree = "<group>"; };
		413601CF22D11FA000107CBA /* Info.plist */ = {isa = PBXFileReference; lastKnownFileType = text.plist.xml; path = Info.plist; sourceTree = "<group>"; };
		413601D422D11FA000107CBA /* ExamenFinalTests.xctest */ = {isa = PBXFileReference; explicitFileType = wrapper.cfbundle; includeInIndex = 0; path = ExamenFinalTests.xctest; sourceTree = BUILT_PRODUCTS_DIR; };
		413601D822D11FA000107CBA /* ExamenFinalTests.swift */ = {isa = PBXFileReference; lastKnownFileType = sourcecode.swift; path = ExamenFinalTests.swift; sourceTree = "<group>"; };
		413601DA22D11FA000107CBA /* Info.plist */ = {isa = PBXFileReference; lastKnownFileType = text.plist.xml; path = Info.plist; sourceTree = "<group>"; };
		413601DF22D11FA100107CBA /* ExamenFinalUITests.xctest */ = {isa = PBXFileReference; explicitFileType = wrapper.cfbundle; includeInIndex = 0; path = ExamenFinalUITests.xctest; sourceTree = BUILT_PRODUCTS_DIR; };
		413601E322D11FA100107CBA /* ExamenFinalUITests.swift */ = {isa = PBXFileReference; lastKnownFileType = sourcecode.swift; path = ExamenFinalUITests.swift; sourceTree = "<group>"; };
		413601E522D11FA100107CBA /* Info.plist */ = {isa = PBXFileReference; lastKnownFileType = text.plist.xml; path = Info.plist; sourceTree = "<group>"; };
/* End PBXFileReference section */

/* Begin PBXFrameworksBuildPhase section */
		413601BA22D11F9F00107CBA /* Frameworks */ = {
			isa = PBXFrameworksBuildPhase;
			buildActionMask = 2147483647;
			files = (
			);
			runOnlyForDeploymentPostprocessing = 0;
		};
		413601D122D11FA000107CBA /* Frameworks */ = {
			isa = PBXFrameworksBuildPhase;
			buildActionMask = 2147483647;
			files = (
			);
			runOnlyForDeploymentPostprocessing = 0;
		};
		413601DC22D11FA100107CBA /* Frameworks */ = {
			isa = PBXFrameworksBuildPhase;
			buildActionMask = 2147483647;
			files = (
			);
			runOnlyForDeploymentPostprocessing = 0;
		};
/* End PBXFrameworksBuildPhase section */

/* Begin PBXGroup section */
		413601B422D11F9F00107CBA = {
			isa = PBXGroup;
			children = (
				413601BF22D11F9F00107CBA /* ExamenFinal */,
				413601D722D11FA000107CBA /* ExamenFinalTests */,
				413601E222D11FA100107CBA /* ExamenFinalUITests */,
				413601BE22D11F9F00107CBA /* Products */,
			);
			sourceTree = "<group>";
		};
		413601BE22D11F9F00107CBA /* Products */ = {
			isa = PBXGroup;
			children = (
				413601BD22D11F9F00107CBA /* ExamenFinal.app */,
				413601D422D11FA000107CBA /* ExamenFinalTests.xctest */,
				413601DF22D11FA100107CBA /* ExamenFinalUITests.xctest */,
			);
			name = Products;
			sourceTree = "<group>";
		};
		413601BF22D11F9F00107CBA /* ExamenFinal */ = {
			isa = PBXGroup;
			children = (
				413601C022D11F9F00107CBA /* AppDelegate.swift */,
				413601C222D11F9F00107CBA /* ViewController.swift */,
				413601C422D11F9F00107CBA /* Main.storyboard */,
				413601CA22D11FA000107CBA /* Assets.xcassets */,
				413601CC22D11FA000107CBA /* LaunchScreen.storyboard */,
				413601CF22D11FA000107CBA /* Info.plist */,
				413601C722D11F9F00107CBA /* ExamenFinal.xcdatamodeld */,
			);
			path = ExamenFinal;
			sourceTree = "<group>";
		};
		413601D722D11FA000107CBA /* ExamenFinalTests */ = {
			isa = PBXGroup;
			children = (
				413601D822D11FA000107CBA /* ExamenFinalTests.swift */,
				413601DA22D11FA000107CBA /* Info.plist */,
			);
			path = ExamenFinalTests;
			sourceTree = "<group>";
		};
		413601E222D11FA100107CBA /* ExamenFinalUITests */ = {
			isa = PBXGroup;
			children = (
				413601E322D11FA100107CBA /* ExamenFinalUITests.swift */,
				413601E522D11FA100107CBA /* Info.plist */,
			);
			path = ExamenFinalUITests;
			sourceTree = "<group>";
		};
/* End PBXGroup section */

/* Begin PBXNativeTarget section */
		413601BC22D11F9F00107CBA /* ExamenFinal */ = {
			isa = PBXNativeTarget;
			buildConfigurationList = 413601E822D11FA100107CBA /* Build configuration list for PBXNativeTarget "ExamenFinal" */;
			buildPhases = (
				413601B922D11F9F00107CBA /* Sources */,
				413601BA22D11F9F00107CBA /* Frameworks */,
				413601BB22D11F9F00107CBA /* Resources */,
			);
			buildRules = (
			);
			dependencies = (
			);
			name = ExamenFinal;
			productName = ExamenFinal;
			productReference = 413601BD22D11F9F00107CBA /* ExamenFinal.app */;
			productType = "com.apple.product-type.application";
		};
		413601D322D11FA000107CBA /* ExamenFinalTests */ = {
			isa = PBXNativeTarget;
			buildConfigurationList = 413601EB22D11FA100107CBA /* Build configuration list for PBXNativeTarget "ExamenFinalTests" */;
			buildPhases = (
				413601D022D11FA000107CBA /* Sources */,
				413601D122D11FA000107CBA /* Frameworks */,
				413601D222D11FA000107CBA /* Resources */,
			);
			buildRules = (
			);
			dependencies = (
				413601D622D11FA000107CBA /* PBXTargetDependency */,
			);
			name = ExamenFinalTests;
			productName = ExamenFinalTests;
			productReference = 413601D422D11FA000107CBA /* ExamenFinalTests.xctest */;
			productType = "com.apple.product-type.bundle.unit-test";
		};
		413601DE22D11FA100107CBA /* ExamenFinalUITests */ = {
			isa = PBXNativeTarget;
			buildConfigurationList = 413601EE22D11FA100107CBA /* Build configuration list for PBXNativeTarget "ExamenFinalUITests" */;
			buildPhases = (
				413601DB22D11FA100107CBA /* Sources */,
				413601DC22D11FA100107CBA /* Frameworks */,
				413601DD22D11FA100107CBA /* Resources */,
			);
			buildRules = (
			);
			dependencies = (
				413601E122D11FA100107CBA /* PBXTargetDependency */,
			);
			name = ExamenFinalUITests;
			productName = ExamenFinalUITests;
			productReference = 413601DF22D11FA100107CBA /* ExamenFinalUITests.xctest */;
			productType = "com.apple.product-type.bundle.ui-testing";
		};
/* End PBXNativeTarget section */

/* Begin PBXProject section */
		413601B522D11F9F00107CBA /* Project object */ = {
			isa = PBXProject;
			attributes = {
				LastSwiftUpdateCheck = 1020;
				LastUpgradeCheck = 1020;
				ORGANIZATIONNAME = Koat;
				TargetAttributes = {
					413601BC22D11F9F00107CBA = {
						CreatedOnToolsVersion = 10.2.1;
					};
					413601D322D11FA000107CBA = {
						CreatedOnToolsVersion = 10.2.1;
						TestTargetID = 413601BC22D11F9F00107CBA;
					};
					413601DE22D11FA100107CBA = {
						CreatedOnToolsVersion = 10.2.1;
						TestTargetID = 413601BC22D11F9F00107CBA;
					};
				};
			};
			buildConfigurationList = 413601B822D11F9F00107CBA /* Build configuration list for PBXProject "ExamenFinal" */;
			compatibilityVersion = "Xcode 9.3";
			developmentRegion = en;
			hasScannedForEncodings = 0;
			knownRegions = (
				en,
				Base,
			);
			mainGroup = 413601B422D11F9F00107CBA;
			productRefGroup = 413601BE22D11F9F00107CBA /* Products */;
			projectDirPath = "";
			projectRoot = "";
			targets = (
				413601BC22D11F9F00107CBA /* ExamenFinal */,
				413601D322D11FA000107CBA /* ExamenFinalTests */,
				413601DE22D11FA100107CBA /* ExamenFinalUITests */,
			);
		};
/* End PBXProject section */

/* Begin PBXResourcesBuildPhase section */
		413601BB22D11F9F00107CBA /* Resources */ = {
			isa = PBXResourcesBuildPhase;
			buildActionMask = 2147483647;
			files = (
				413601CE22D11FA000107CBA /* LaunchScreen.storyboard in Resources */,
				413601CB22D11FA000107CBA /* Assets.xcassets in Resources */,
				413601C622D11F9F00107CBA /* Main.storyboard in Resources */,
			);
			runOnlyForDeploymentPostprocessing = 0;
		};
		413601D222D11FA000107CBA /* Resources */ = {
			isa = PBXResourcesBuildPhase;
			buildActionMask = 2147483647;
			files = (
			);
			runOnlyForDeploymentPostprocessing = 0;
		};
		413601DD22D11FA100107CBA /* Resources */ = {
			isa = PBXResourcesBuildPhase;
			buildActionMask = 2147483647;
			files = (
			);
			runOnlyForDeploymentPostprocessing = 0;
		};
/* End PBXResourcesBuildPhase section */

/* Begin PBXSourcesBuildPhase section */
		413601B922D11F9F00107CBA /* Sources */ = {
			isa = PBXSourcesBuildPhase;
			buildActionMask = 2147483647;
			files = (
				413601C922D11F9F00107CBA /* ExamenFinal.xcdatamodeld in Sources */,
				413601C322D11F9F00107CBA /* ViewController.swift in Sources */,
				413601C122D11F9F00107CBA /* AppDelegate.swift in Sources */,
			);
			runOnlyForDeploymentPostprocessing = 0;
		};
		413601D022D11FA000107CBA /* Sources */ = {
			isa = PBXSourcesBuildPhase;
			buildActionMask = 2147483647;
			files = (
				413601D922D11FA000107CBA /* ExamenFinalTests.swift in Sources */,
			);
			runOnlyForDeploymentPostprocessing = 0;
		};
		413601DB22D11FA100107CBA /* Sources */ = {
			isa = PBXSourcesBuildPhase;
			buildActionMask = 2147483647;
			files = (
				413601E422D11FA100107CBA /* ExamenFinalUITests.swift in Sources */,
			);
			runOnlyForDeploymentPostprocessing = 0;
		};
/* End PBXSourcesBuildPhase section */

/* Begin PBXTargetDependency section */
		413601D622D11FA000107CBA /* PBXTargetDependency */ = {
			isa = PBXTargetDependency;
			target = 413601BC22D11F9F00107CBA /* ExamenFinal */;
			targetProxy = 413601D522D11FA000107CBA /* PBXContainerItemProxy */;
		};
		413601E122D11FA100107CBA /* PBXTargetDependency */ = {
			isa = PBXTargetDependency;
			target = 413601BC22D11F9F00107CBA /* ExamenFinal */;
			targetProxy = 413601E022D11FA100107CBA /* PBXContainerItemProxy */;
		};
/* End PBXTargetDependency section */

/* Begin PBXVariantGroup section */
		413601C422D11F9F00107CBA /* Main.storyboard */ = {
			isa = PBXVariantGroup;
			children = (
				413601C522D11F9F00107CBA /* Base */,
			);
			name = Main.storyboard;
			sourceTree = "<group>";
		};
		413601CC22D11FA000107CBA /* LaunchScreen.storyboard */ = {
			isa = PBXVariantGroup;
			children = (
				413601CD22D11FA000107CBA /* Base */,
			);
			name = LaunchScreen.storyboard;
			sourceTree = "<group>";
		};
/* End PBXVariantGroup section */

/* Begin XCBuildConfiguration section */
		413601E622D11FA100107CBA /* Debug */ = {
			isa = XCBuildConfiguration;
			buildSettings = {
				ALWAYS_SEARCH_USER_PATHS = NO;
				CLANG_ANALYZER_NONNULL = YES;
				CLANG_ANALYZER_NUMBER_OBJECT_CONVERSION = YES_AGGRESSIVE;
				CLANG_CXX_LANGUAGE_STANDARD = "gnu++14";
				CLANG_CXX_LIBRARY = "libc++";
				CLANG_ENABLE_MODULES = YES;
				CLANG_ENABLE_OBJC_ARC = YES;
				CLANG_ENABLE_OBJC_WEAK = YES;
				CLANG_WARN_BLOCK_CAPTURE_AUTORELEASING = YES;
				CLANG_WARN_BOOL_CONVERSION = YES;
				CLANG_WARN_COMMA = YES;
				CLANG_WARN_CONSTANT_CONVERSION = YES;
				CLANG_WARN_DEPRECATED_OBJC_IMPLEMENTATIONS = YES;
				CLANG_WARN_DIRECT_OBJC_ISA_USAGE = YES_ERROR;
				CLANG_WARN_DOCUMENTATION_COMMENTS = YES;
				CLANG_WARN_EMPTY_BODY = YES;
				CLANG_WARN_ENUM_CONVERSION = YES;
				CLANG_WARN_INFINITE_RECURSION = YES;
				CLANG_WARN_INT_CONVERSION = YES;
				CLANG_WARN_NON_LITERAL_NULL_CONVERSION = YES;
				CLANG_WARN_OBJC_IMPLICIT_RETAIN_SELF = YES;
				CLANG_WARN_OBJC_LITERAL_CONVERSION = YES;
				CLANG_WARN_OBJC_ROOT_CLASS = YES_ERROR;
				CLANG_WARN_RANGE_LOOP_ANALYSIS = YES;
				CLANG_WARN_STRICT_PROTOTYPES = YES;
				CLANG_WARN_SUSPICIOUS_MOVE = YES;
				CLANG_WARN_UNGUARDED_AVAILABILITY = YES_AGGRESSIVE;
				CLANG_WARN_UNREACHABLE_CODE = YES;
				CLANG_WARN__DUPLICATE_METHOD_MATCH = YES;
				CODE_SIGN_IDENTITY = "iPhone Developer";
				COPY_PHASE_STRIP = NO;
				DEBUG_INFORMATION_FORMAT = dwarf;
				ENABLE_STRICT_OBJC_MSGSEND = YES;
				ENABLE_TESTABILITY = YES;
				GCC_C_LANGUAGE_STANDARD = gnu11;
				GCC_DYNAMIC_NO_PIC = NO;
				GCC_NO_COMMON_BLOCKS = YES;
				GCC_OPTIMIZATION_LEVEL = 0;
				GCC_PREPROCESSOR_DEFINITIONS = (
					"DEBUG=1",
					"$(inherited)",
				);
				GCC_WARN_64_TO_32_BIT_CONVERSION = YES;
				GCC_WARN_ABOUT_RETURN_TYPE = YES_ERROR;
				GCC_WARN_UNDECLARED_SELECTOR = YES;
				GCC_WARN_UNINITIALIZED_AUTOS = YES_AGGRESSIVE;
				GCC_WARN_UNUSED_FUNCTION = YES;
				GCC_WARN_UNUSED_VARIABLE = YES;
				IPHONEOS_DEPLOYMENT_TARGET = 12.2;
				MTL_ENABLE_DEBUG_INFO = INCLUDE_SOURCE;
				MTL_FAST_MATH = YES;
				ONLY_ACTIVE_ARCH = YES;
				SDKROOT = iphoneos;
				SWIFT_ACTIVE_COMPILATION_CONDITIONS = DEBUG;
				SWIFT_OPTIMIZATION_LEVEL = "-Onone";
			};
			name = Debug;
		};
		413601E722D11FA100107CBA /* Release */ = {
			isa = XCBuildConfiguration;
			buildSettings = {
				ALWAYS_SEARCH_USER_PATHS = NO;
				CLANG_ANALYZER_NONNULL = YES;
				CLANG_ANALYZER_NUMBER_OBJECT_CONVERSION = YES_AGGRESSIVE;
				CLANG_CXX_LANGUAGE_STANDARD = "gnu++14";
				CLANG_CXX_LIBRARY = "libc++";
				CLANG_ENABLE_MODULES = YES;
				CLANG_ENABLE_OBJC_ARC = YES;
				CLANG_ENABLE_OBJC_WEAK = YES;
				CLANG_WARN_BLOCK_CAPTURE_AUTORELEASING = YES;
				CLANG_WARN_BOOL_CONVERSION = YES;
				CLANG_WARN_COMMA = YES;
				CLANG_WARN_CONSTANT_CONVERSION = YES;
				CLANG_WARN_DEPRECATED_OBJC_IMPLEMENTATIONS = YES;
				CLANG_WARN_DIRECT_OBJC_ISA_USAGE = YES_ERROR;
				CLANG_WARN_DOCUMENTATION_COMMENTS = YES;
				CLANG_WARN_EMPTY_BODY = YES;
				CLANG_WARN_ENUM_CONVERSION = YES;
				CLANG_WARN_INFINITE_RECURSION = YES;
				CLANG_WARN_INT_CONVERSION = YES;
				CLANG_WARN_NON_LITERAL_NULL_CONVERSION = YES;
				CLANG_WARN_OBJC_IMPLICIT_RETAIN_SELF = YES;
				CLANG_WARN_OBJC_LITERAL_CONVERSION = YES;
				CLANG_WARN_OBJC_ROOT_CLASS = YES_ERROR;
				CLANG_WARN_RANGE_LOOP_ANALYSIS = YES;
				CLANG_WARN_STRICT_PROTOTYPES = YES;
				CLANG_WARN_SUSPICIOUS_MOVE = YES;
				CLANG_WARN_UNGUARDED_AVAILABILITY = YES_AGGRESSIVE;
				CLANG_WARN_UNREACHABLE_CODE = YES;
				CLANG_WARN__DUPLICATE_METHOD_MATCH = YES;
				CODE_SIGN_IDENTITY = "iPhone Developer";
				COPY_PHASE_STRIP = NO;
				DEBUG_INFORMATION_FORMAT = "dwarf-with-dsym";
				ENABLE_NS_ASSERTIONS = NO;
				ENABLE_STRICT_OBJC_MSGSEND = YES;
				GCC_C_LANGUAGE_STANDARD = gnu11;
				GCC_NO_COMMON_BLOCKS = YES;
				GCC_WARN_64_TO_32_BIT_CONVERSION = YES;
				GCC_WARN_ABOUT_RETURN_TYPE = YES_ERROR;
				GCC_WARN_UNDECLARED_SELECTOR = YES;
				GCC_WARN_UNINITIALIZED_AUTOS = YES_AGGRESSIVE;
				GCC_WARN_UNUSED_FUNCTION = YES;
				GCC_WARN_UNUSED_VARIABLE = YES;
				IPHONEOS_DEPLOYMENT_TARGET = 12.2;
				MTL_ENABLE_DEBUG_INFO = NO;
				MTL_FAST_MATH = YES;
				SDKROOT = iphoneos;
				SWIFT_COMPILATION_MODE = wholemodule;
				SWIFT_OPTIMIZATION_LEVEL = "-O";
				VALIDATE_PRODUCT = YES;
			};
			name = Release;
		};
		413601E922D11FA100107CBA /* Debug */ = {
			isa = XCBuildConfiguration;
			buildSettings = {
				ASSETCATALOG_COMPILER_APPICON_NAME = AppIcon;
				CODE_SIGN_STYLE = Automatic;
				DEVELOPMENT_TEAM = SC2GH4SA49;
				INFOPLIST_FILE = ExamenFinal/Info.plist;
				IPHONEOS_DEPLOYMENT_TARGET = 9.0;
				LD_RUNPATH_SEARCH_PATHS = (
					"$(inherited)",
					"@executable_path/Frameworks",
				);
				PRODUCT_BUNDLE_IDENTIFIER = Kato.ExamenFinal;
				PRODUCT_NAME = "$(TARGET_NAME)";
				SWIFT_VERSION = 5.0;
				TARGETED_DEVICE_FAMILY = "1,2";
			};
			name = Debug;
		};
		413601EA22D11FA100107CBA /* Release */ = {
			isa = XCBuildConfiguration;
			buildSettings = {
				ASSETCATALOG_COMPILER_APPICON_NAME = AppIcon;
				CODE_SIGN_STYLE = Automatic;
				DEVELOPMENT_TEAM = SC2GH4SA49;
				INFOPLIST_FILE = ExamenFinal/Info.plist;
				IPHONEOS_DEPLOYMENT_TARGET = 9.0;
				LD_RUNPATH_SEARCH_PATHS = (
					"$(inherited)",
					"@executable_path/Frameworks",
				);
				PRODUCT_BUNDLE_IDENTIFIER = Kato.ExamenFinal;
				PRODUCT_NAME = "$(TARGET_NAME)";
				SWIFT_VERSION = 5.0;
				TARGETED_DEVICE_FAMILY = "1,2";
			};
			name = Release;
		};
		413601EC22D11FA100107CBA /* Debug */ = {
			isa = XCBuildConfiguration;
			buildSettings = {
				ALWAYS_EMBED_SWIFT_STANDARD_LIBRARIES = YES;
				BUNDLE_LOADER = "$(TEST_HOST)";
				CODE_SIGN_STYLE = Automatic;
				DEVELOPMENT_TEAM = SC2GH4SA49;
				INFOPLIST_FILE = ExamenFinalTests/Info.plist;
				LD_RUNPATH_SEARCH_PATHS = (
					"$(inherited)",
					"@executable_path/Frameworks",
					"@loader_path/Frameworks",
				);
				PRODUCT_BUNDLE_IDENTIFIER = Kato.ExamenFinalTests;
				PRODUCT_NAME = "$(TARGET_NAME)";
				SWIFT_VERSION = 5.0;
				TARGETED_DEVICE_FAMILY = "1,2";
				TEST_HOST = "$(BUILT_PRODUCTS_DIR)/ExamenFinal.app/ExamenFinal";
			};
			name = Debug;
		};
		413601ED22D11FA100107CBA /* Release */ = {
			isa = XCBuildConfiguration;
			buildSettings = {
				ALWAYS_EMBED_SWIFT_STANDARD_LIBRARIES = YES;
				BUNDLE_LOADER = "$(TEST_HOST)";
				CODE_SIGN_STYLE = Automatic;
				DEVELOPMENT_TEAM = SC2GH4SA49;
				INFOPLIST_FILE = ExamenFinalTests/Info.plist;
				LD_RUNPATH_SEARCH_PATHS = (
					"$(inherited)",
					"@executable_path/Frameworks",
					"@loader_path/Frameworks",
				);
				PRODUCT_BUNDLE_IDENTIFIER = Kato.ExamenFinalTests;
				PRODUCT_NAME = "$(TARGET_NAME)";
				SWIFT_VERSION = 5.0;
				TARGETED_DEVICE_FAMILY = "1,2";
				TEST_HOST = "$(BUILT_PRODUCTS_DIR)/ExamenFinal.app/ExamenFinal";
			};
			name = Release;
		};
		413601EF22D11FA100107CBA /* Debug */ = {
			isa = XCBuildConfiguration;
			buildSettings = {
				ALWAYS_EMBED_SWIFT_STANDARD_LIBRARIES = YES;
				CODE_SIGN_STYLE = Automatic;
				DEVELOPMENT_TEAM = SC2GH4SA49;
				INFOPLIST_FILE = ExamenFinalUITests/Info.plist;
				LD_RUNPATH_SEARCH_PATHS = (
					"$(inherited)",
					"@executable_path/Frameworks",
					"@loader_path/Frameworks",
				);
				PRODUCT_BUNDLE_IDENTIFIER = Kato.ExamenFinalUITests;
				PRODUCT_NAME = "$(TARGET_NAME)";
				SWIFT_VERSION = 5.0;
				TARGETED_DEVICE_FAMILY = "1,2";
				TEST_TARGET_NAME = ExamenFinal;
			};
			name = Debug;
		};
		413601F022D11FA100107CBA /* Release */ = {
			isa = XCBuildConfiguration;
			buildSettings = {
				ALWAYS_EMBED_SWIFT_STANDARD_LIBRARIES = YES;
				CODE_SIGN_STYLE = Automatic;
				DEVELOPMENT_TEAM = SC2GH4SA49;
				INFOPLIST_FILE = ExamenFinalUITests/Info.plist;
				LD_RUNPATH_SEARCH_PATHS = (
					"$(inherited)",
					"@executable_path/Frameworks",
					"@loader_path/Frameworks",
				);
				PRODUCT_BUNDLE_IDENTIFIER = Kato.ExamenFinalUITests;
				PRODUCT_NAME = "$(TARGET_NAME)";
				SWIFT_VERSION = 5.0;
				TARGETED_DEVICE_FAMILY = "1,2";
				TEST_TARGET_NAME = ExamenFinal;
			};
			name = Release;
		};
/* End XCBuildConfiguration section */

/* Begin XCConfigurationList section */
		413601B822D11F9F00107CBA /* Build configuration list for PBXProject "ExamenFinal" */ = {
			isa = XCConfigurationList;
			buildConfigurations = (
				413601E622D11FA100107CBA /* Debug */,
				413601E722D11FA100107CBA /* Release */,
			);
			defaultConfigurationIsVisible = 0;
			defaultConfigurationName = Release;
		};
		413601E822D11FA100107CBA /* Build configuration list for PBXNativeTarget "ExamenFinal" */ = {
			isa = XCConfigurationList;
			buildConfigurations = (
				413601E922D11FA100107CBA /* Debug */,
				413601EA22D11FA100107CBA /* Release */,
			);
			defaultConfigurationIsVisible = 0;
			defaultConfigurationName = Release;
		};
		413601EB22D11FA100107CBA /* Build configuration list for PBXNativeTarget "ExamenFinalTests" */ = {
			isa = XCConfigurationList;
			buildConfigurations = (
				413601EC22D11FA100107CBA /* Debug */,
				413601ED22D11FA100107CBA /* Release */,
			);
			defaultConfigurationIsVisible = 0;
			defaultConfigurationName = Release;
		};
		413601EE22D11FA100107CBA /* Build configuration list for PBXNativeTarget "ExamenFinalUITests" */ = {
			isa = XCConfigurationList;
			buildConfigurations = (
				413601EF22D11FA100107CBA /* Debug */,
				413601F022D11FA100107CBA /* Release */,
			);
			defaultConfigurationIsVisible = 0;
			defaultConfigurationName = Release;
		};
/* End XCConfigurationList section */

/* Begin XCVersionGroup section */
		413601C722D11F9F00107CBA /* ExamenFinal.xcdatamodeld */ = {
			isa = XCVersionGroup;
			children = (
				413601C822D11F9F00107CBA /* ExamenFinal.xcdatamodel */,
			);
			currentVersion = 413601C822D11F9F00107CBA /* ExamenFinal.xcdatamodel */;
			path = ExamenFinal.xcdatamodeld;
			sourceTree = "<group>";
			versionGroupType = wrapper.xcdatamodel;
		};
/* End XCVersionGroup section */
	};
	rootObject = 413601B522D11F9F00107CBA /* Project object */;
}
