// !$*UTF8*$!
{
	archiveVersion = 1;
	classes = {
	};
	objectVersion = 50;
	objects = {

/* Begin PBXBuildFile section */
		4117794D22A3082F00C91651 /* AppDelegate.swift in Sources */ = {isa = PBXBuildFile; fileRef = 4117794C22A3082F00C91651 /* AppDelegate.swift */; };
		4117795422A3083000C91651 /* Assets.xcassets in Resources */ = {isa = PBXBuildFile; fileRef = 4117795322A3083000C91651 /* Assets.xcassets */; };
		4117795722A3083000C91651 /* LaunchScreen.storyboard in Resources */ = {isa = PBXBuildFile; fileRef = 4117795522A3083000C91651 /* LaunchScreen.storyboard */; };
		4117796222A3083000C91651 /* CalculadoraTests.swift in Sources */ = {isa = PBXBuildFile; fileRef = 4117796122A3083000C91651 /* CalculadoraTests.swift */; };
		4117796D22A3083000C91651 /* CalculadoraUITests.swift in Sources */ = {isa = PBXBuildFile; fileRef = 4117796C22A3083000C91651 /* CalculadoraUITests.swift */; };
		4117798422A30DB800C91651 /* HomeViewController.swift in Sources */ = {isa = PBXBuildFile; fileRef = 4117798222A30DB800C91651 /* HomeViewController.swift */; };
		4117798522A30DB800C91651 /* HomeViewController.xib in Resources */ = {isa = PBXBuildFile; fileRef = 4117798322A30DB800C91651 /* HomeViewController.xib */; };
/* End PBXBuildFile section */

/* Begin PBXContainerItemProxy section */
		4117795E22A3083000C91651 /* PBXContainerItemProxy */ = {
			isa = PBXContainerItemProxy;
			containerPortal = 4117794122A3082F00C91651 /* Project object */;
			proxyType = 1;
			remoteGlobalIDString = 4117794822A3082F00C91651;
			remoteInfo = Calculadora;
		};
		4117796922A3083000C91651 /* PBXContainerItemProxy */ = {
			isa = PBXContainerItemProxy;
			containerPortal = 4117794122A3082F00C91651 /* Project object */;
			proxyType = 1;
			remoteGlobalIDString = 4117794822A3082F00C91651;
			remoteInfo = Calculadora;
		};
/* End PBXContainerItemProxy section */

/* Begin PBXFileReference section */
		4117794922A3082F00C91651 /* Calculadora.app */ = {isa = PBXFileReference; explicitFileType = wrapper.application; includeInIndex = 0; path = Calculadora.app; sourceTree = BUILT_PRODUCTS_DIR; };
		4117794C22A3082F00C91651 /* AppDelegate.swift */ = {isa = PBXFileReference; lastKnownFileType = sourcecode.swift; path = AppDelegate.swift; sourceTree = "<group>"; };
		4117795322A3083000C91651 /* Assets.xcassets */ = {isa = PBXFileReference; lastKnownFileType = folder.assetcatalog; path = Assets.xcassets; sourceTree = "<group>"; };
		4117795622A3083000C91651 /* Base */ = {isa = PBXFileReference; lastKnownFileType = file.storyboard; name = Base; path = Base.lproj/LaunchScreen.storyboard; sourceTree = "<group>"; };
		4117795822A3083000C91651 /* Info.plist */ = {isa = PBXFileReference; lastKnownFileType = text.plist.xml; path = Info.plist; sourceTree = "<group>"; };
		4117795D22A3083000C91651 /* CalculadoraTests.xctest */ = {isa = PBXFileReference; explicitFileType = wrapper.cfbundle; includeInIndex = 0; path = CalculadoraTests.xctest; sourceTree = BUILT_PRODUCTS_DIR; };
		4117796122A3083000C91651 /* CalculadoraTests.swift */ = {isa = PBXFileReference; lastKnownFileType = sourcecode.swift; path = CalculadoraTests.swift; sourceTree = "<group>"; };
		4117796322A3083000C91651 /* Info.plist */ = {isa = PBXFileReference; lastKnownFileType = text.plist.xml; path = Info.plist; sourceTree = "<group>"; };
		4117796822A3083000C91651 /* CalculadoraUITests.xctest */ = {isa = PBXFileReference; explicitFileType = wrapper.cfbundle; includeInIndex = 0; path = CalculadoraUITests.xctest; sourceTree = BUILT_PRODUCTS_DIR; };
		4117796C22A3083000C91651 /* CalculadoraUITests.swift */ = {isa = PBXFileReference; lastKnownFileType = sourcecode.swift; path = CalculadoraUITests.swift; sourceTree = "<group>"; };
		4117796E22A3083000C91651 /* Info.plist */ = {isa = PBXFileReference; lastKnownFileType = text.plist.xml; path = Info.plist; sourceTree = "<group>"; };
		4117798222A30DB800C91651 /* HomeViewController.swift */ = {isa = PBXFileReference; lastKnownFileType = sourcecode.swift; path = HomeViewController.swift; sourceTree = "<group>"; };
		4117798322A30DB800C91651 /* HomeViewController.xib */ = {isa = PBXFileReference; lastKnownFileType = file.xib; path = HomeViewController.xib; sourceTree = "<group>"; };
/* End PBXFileReference section */

/* Begin PBXFrameworksBuildPhase section */
		4117794622A3082F00C91651 /* Frameworks */ = {
			isa = PBXFrameworksBuildPhase;
			buildActionMask = 2147483647;
			files = (
			);
			runOnlyForDeploymentPostprocessing = 0;
		};
		4117795A22A3083000C91651 /* Frameworks */ = {
			isa = PBXFrameworksBuildPhase;
			buildActionMask = 2147483647;
			files = (
			);
			runOnlyForDeploymentPostprocessing = 0;
		};
		4117796522A3083000C91651 /* Frameworks */ = {
			isa = PBXFrameworksBuildPhase;
			buildActionMask = 2147483647;
			files = (
			);
			runOnlyForDeploymentPostprocessing = 0;
		};
/* End PBXFrameworksBuildPhase section */

/* Begin PBXGroup section */
		4117794022A3082F00C91651 = {
			isa = PBXGroup;
			children = (
				4117794B22A3082F00C91651 /* Calculadora */,
				4117796022A3083000C91651 /* CalculadoraTests */,
				4117796B22A3083000C91651 /* CalculadoraUITests */,
				4117794A22A3082F00C91651 /* Products */,
			);
			sourceTree = "<group>";
		};
		4117794A22A3082F00C91651 /* Products */ = {
			isa = PBXGroup;
			children = (
				4117794922A3082F00C91651 /* Calculadora.app */,
				4117795D22A3083000C91651 /* CalculadoraTests.xctest */,
				4117796822A3083000C91651 /* CalculadoraUITests.xctest */,
			);
			name = Products;
			sourceTree = "<group>";
		};
		4117794B22A3082F00C91651 /* Calculadora */ = {
			isa = PBXGroup;
			children = (
				4117794C22A3082F00C91651 /* AppDelegate.swift */,
				4117797B22A30AA000C91651 /* View */,
				4117797C22A30AA500C91651 /* Controller */,
				4117797A22A30A7B00C91651 /* Model */,
				4117797D22A30AB300C91651 /* Util */,
				4117797E22A30ABD00C91651 /* Supporting Files */,
				4117795322A3083000C91651 /* Assets.xcassets */,
			);
			path = Calculadora;
			sourceTree = "<group>";
		};
		4117796022A3083000C91651 /* CalculadoraTests */ = {
			isa = PBXGroup;
			children = (
				4117796122A3083000C91651 /* CalculadoraTests.swift */,
				4117796322A3083000C91651 /* Info.plist */,
			);
			path = CalculadoraTests;
			sourceTree = "<group>";
		};
		4117796B22A3083000C91651 /* CalculadoraUITests */ = {
			isa = PBXGroup;
			children = (
				4117796C22A3083000C91651 /* CalculadoraUITests.swift */,
				4117796E22A3083000C91651 /* Info.plist */,
			);
			path = CalculadoraUITests;
			sourceTree = "<group>";
		};
		4117797A22A30A7B00C91651 /* Model */ = {
			isa = PBXGroup;
			children = (
			);
			path = Model;
			sourceTree = "<group>";
		};
		4117797B22A30AA000C91651 /* View */ = {
			isa = PBXGroup;
			children = (
				4117798022A30D0400C91651 /* Home */,
				4117797F22A30BA300C91651 /* Launch */,
			);
			path = View;
			sourceTree = "<group>";
		};
		4117797C22A30AA500C91651 /* Controller */ = {
			isa = PBXGroup;
			children = (
				4117798122A30D2400C91651 /* Home */,
			);
			path = Controller;
			sourceTree = "<group>";
		};
		4117797D22A30AB300C91651 /* Util */ = {
			isa = PBXGroup;
			children = (
			);
			path = Util;
			sourceTree = "<group>";
		};
		4117797E22A30ABD00C91651 /* Supporting Files */ = {
			isa = PBXGroup;
			children = (
				4117795822A3083000C91651 /* Info.plist */,
			);
			path = "Supporting Files";
			sourceTree = "<group>";
		};
		4117797F22A30BA300C91651 /* Launch */ = {
			isa = PBXGroup;
			children = (
				4117795522A3083000C91651 /* LaunchScreen.storyboard */,
			);
			name = Launch;
			sourceTree = "<group>";
		};
		4117798022A30D0400C91651 /* Home */ = {
			isa = PBXGroup;
			children = (
				4117798322A30DB800C91651 /* HomeViewController.xib */,
			);
			name = Home;
			sourceTree = "<group>";
		};
		4117798122A30D2400C91651 /* Home */ = {
			isa = PBXGroup;
			children = (
				4117798222A30DB800C91651 /* HomeViewController.swift */,
			);
			path = Home;
			sourceTree = "<group>";
		};
/* End PBXGroup section */

/* Begin PBXNativeTarget section */
		4117794822A3082F00C91651 /* Calculadora */ = {
			isa = PBXNativeTarget;
			buildConfigurationList = 4117797122A3083000C91651 /* Build configuration list for PBXNativeTarget "Calculadora" */;
			buildPhases = (
				4117794522A3082F00C91651 /* Sources */,
				4117794622A3082F00C91651 /* Frameworks */,
				4117794722A3082F00C91651 /* Resources */,
			);
			buildRules = (
			);
			dependencies = (
			);
			name = Calculadora;
			productName = Calculadora;
			productReference = 4117794922A3082F00C91651 /* Calculadora.app */;
			productType = "com.apple.product-type.application";
		};
		4117795C22A3083000C91651 /* CalculadoraTests */ = {
			isa = PBXNativeTarget;
			buildConfigurationList = 4117797422A3083000C91651 /* Build configuration list for PBXNativeTarget "CalculadoraTests" */;
			buildPhases = (
				4117795922A3083000C91651 /* Sources */,
				4117795A22A3083000C91651 /* Frameworks */,
				4117795B22A3083000C91651 /* Resources */,
			);
			buildRules = (
			);
			dependencies = (
				4117795F22A3083000C91651 /* PBXTargetDependency */,
			);
			name = CalculadoraTests;
			productName = CalculadoraTests;
			productReference = 4117795D22A3083000C91651 /* CalculadoraTests.xctest */;
			productType = "com.apple.product-type.bundle.unit-test";
		};
		4117796722A3083000C91651 /* CalculadoraUITests */ = {
			isa = PBXNativeTarget;
			buildConfigurationList = 4117797722A3083000C91651 /* Build configuration list for PBXNativeTarget "CalculadoraUITests" */;
			buildPhases = (
				4117796422A3083000C91651 /* Sources */,
				4117796522A3083000C91651 /* Frameworks */,
				4117796622A3083000C91651 /* Resources */,
			);
			buildRules = (
			);
			dependencies = (
				4117796A22A3083000C91651 /* PBXTargetDependency */,
			);
			name = CalculadoraUITests;
			productName = CalculadoraUITests;
			productReference = 4117796822A3083000C91651 /* CalculadoraUITests.xctest */;
			productType = "com.apple.product-type.bundle.ui-testing";
		};
/* End PBXNativeTarget section */

/* Begin PBXProject section */
		4117794122A3082F00C91651 /* Project object */ = {
			isa = PBXProject;
			attributes = {
				LastSwiftUpdateCheck = 1020;
				LastUpgradeCheck = 1020;
				ORGANIZATIONNAME = Koat;
				TargetAttributes = {
					4117794822A3082F00C91651 = {
						CreatedOnToolsVersion = 10.2.1;
					};
					4117795C22A3083000C91651 = {
						CreatedOnToolsVersion = 10.2.1;
						TestTargetID = 4117794822A3082F00C91651;
					};
					4117796722A3083000C91651 = {
						CreatedOnToolsVersion = 10.2.1;
						TestTargetID = 4117794822A3082F00C91651;
					};
				};
			};
			buildConfigurationList = 4117794422A3082F00C91651 /* Build configuration list for PBXProject "Calculadora" */;
			compatibilityVersion = "Xcode 9.3";
			developmentRegion = en;
			hasScannedForEncodings = 0;
			knownRegions = (
				en,
				Base,
			);
			mainGroup = 4117794022A3082F00C91651;
			productRefGroup = 4117794A22A3082F00C91651 /* Products */;
			projectDirPath = "";
			projectRoot = "";
			targets = (
				4117794822A3082F00C91651 /* Calculadora */,
				4117795C22A3083000C91651 /* CalculadoraTests */,
				4117796722A3083000C91651 /* CalculadoraUITests */,
			);
		};
/* End PBXProject section */

/* Begin PBXResourcesBuildPhase section */
		4117794722A3082F00C91651 /* Resources */ = {
			isa = PBXResourcesBuildPhase;
			buildActionMask = 2147483647;
			files = (
				4117795722A3083000C91651 /* LaunchScreen.storyboard in Resources */,
				4117795422A3083000C91651 /* Assets.xcassets in Resources */,
				4117798522A30DB800C91651 /* HomeViewController.xib in Resources */,
			);
			runOnlyForDeploymentPostprocessing = 0;
		};
		4117795B22A3083000C91651 /* Resources */ = {
			isa = PBXResourcesBuildPhase;
			buildActionMask = 2147483647;
			files = (
			);
			runOnlyForDeploymentPostprocessing = 0;
		};
		4117796622A3083000C91651 /* Resources */ = {
			isa = PBXResourcesBuildPhase;
			buildActionMask = 2147483647;
			files = (
			);
			runOnlyForDeploymentPostprocessing = 0;
		};
/* End PBXResourcesBuildPhase section */

/* Begin PBXSourcesBuildPhase section */
		4117794522A3082F00C91651 /* Sources */ = {
			isa = PBXSourcesBuildPhase;
			buildActionMask = 2147483647;
			files = (
				4117794D22A3082F00C91651 /* AppDelegate.swift in Sources */,
				4117798422A30DB800C91651 /* HomeViewController.swift in Sources */,
			);
			runOnlyForDeploymentPostprocessing = 0;
		};
		4117795922A3083000C91651 /* Sources */ = {
			isa = PBXSourcesBuildPhase;
			buildActionMask = 2147483647;
			files = (
				4117796222A3083000C91651 /* CalculadoraTests.swift in Sources */,
			);
			runOnlyForDeploymentPostprocessing = 0;
		};
		4117796422A3083000C91651 /* Sources */ = {
			isa = PBXSourcesBuildPhase;
			buildActionMask = 2147483647;
			files = (
				4117796D22A3083000C91651 /* CalculadoraUITests.swift in Sources */,
			);
			runOnlyForDeploymentPostprocessing = 0;
		};
/* End PBXSourcesBuildPhase section */

/* Begin PBXTargetDependency section */
		4117795F22A3083000C91651 /* PBXTargetDependency */ = {
			isa = PBXTargetDependency;
			target = 4117794822A3082F00C91651 /* Calculadora */;
			targetProxy = 4117795E22A3083000C91651 /* PBXContainerItemProxy */;
		};
		4117796A22A3083000C91651 /* PBXTargetDependency */ = {
			isa = PBXTargetDependency;
			target = 4117794822A3082F00C91651 /* Calculadora */;
			targetProxy = 4117796922A3083000C91651 /* PBXContainerItemProxy */;
		};
/* End PBXTargetDependency section */

/* Begin PBXVariantGroup section */
		4117795522A3083000C91651 /* LaunchScreen.storyboard */ = {
			isa = PBXVariantGroup;
			children = (
				4117795622A3083000C91651 /* Base */,
			);
			name = LaunchScreen.storyboard;
			sourceTree = "<group>";
		};
/* End PBXVariantGroup section */

/* Begin XCBuildConfiguration section */
		4117796F22A3083000C91651 /* Debug */ = {
			isa = XCBuildConfiguration;
			buildSettings = {
				ALWAYS_SEARCH_USER_PATHS = NO;
				CLANG_ANALYZER_NONNULL = YES;
				CLANG_ANALYZER_NUMBER_OBJECT_CONVERSION = YES_AGGRESSIVE;
				CLANG_CXX_LANGUAGE_STANDARD = "gnu++14";
				CLANG_CXX_LIBRARY = "libc++";
				CLANG_ENABLE_MODULES = YES;
				CLANG_ENABLE_OBJC_ARC = YES;
				CLANG_ENABLE_OBJC_WEAK = YES;
				CLANG_WARN_BLOCK_CAPTURE_AUTORELEASING = YES;
				CLANG_WARN_BOOL_CONVERSION = YES;
				CLANG_WARN_COMMA = YES;
				CLANG_WARN_CONSTANT_CONVERSION = YES;
				CLANG_WARN_DEPRECATED_OBJC_IMPLEMENTATIONS = YES;
				CLANG_WARN_DIRECT_OBJC_ISA_USAGE = YES_ERROR;
				CLANG_WARN_DOCUMENTATION_COMMENTS = YES;
				CLANG_WARN_EMPTY_BODY = YES;
				CLANG_WARN_ENUM_CONVERSION = YES;
				CLANG_WARN_INFINITE_RECURSION = YES;
				CLANG_WARN_INT_CONVERSION = YES;
				CLANG_WARN_NON_LITERAL_NULL_CONVERSION = YES;
				CLANG_WARN_OBJC_IMPLICIT_RETAIN_SELF = YES;
				CLANG_WARN_OBJC_LITERAL_CONVERSION = YES;
				CLANG_WARN_OBJC_ROOT_CLASS = YES_ERROR;
				CLANG_WARN_RANGE_LOOP_ANALYSIS = YES;
				CLANG_WARN_STRICT_PROTOTYPES = YES;
				CLANG_WARN_SUSPICIOUS_MOVE = YES;
				CLANG_WARN_UNGUARDED_AVAILABILITY = YES_AGGRESSIVE;
				CLANG_WARN_UNREACHABLE_CODE = YES;
				CLANG_WARN__DUPLICATE_METHOD_MATCH = YES;
				CODE_SIGN_IDENTITY = "iPhone Developer";
				COPY_PHASE_STRIP = NO;
				DEBUG_INFORMATION_FORMAT = dwarf;
				ENABLE_STRICT_OBJC_MSGSEND = YES;
				ENABLE_TESTABILITY = YES;
				GCC_C_LANGUAGE_STANDARD = gnu11;
				GCC_DYNAMIC_NO_PIC = NO;
				GCC_NO_COMMON_BLOCKS = YES;
				GCC_OPTIMIZATION_LEVEL = 0;
				GCC_PREPROCESSOR_DEFINITIONS = (
					"DEBUG=1",
					"$(inherited)",
				);
				GCC_WARN_64_TO_32_BIT_CONVERSION = YES;
				GCC_WARN_ABOUT_RETURN_TYPE = YES_ERROR;
				GCC_WARN_UNDECLARED_SELECTOR = YES;
				GCC_WARN_UNINITIALIZED_AUTOS = YES_AGGRESSIVE;
				GCC_WARN_UNUSED_FUNCTION = YES;
				GCC_WARN_UNUSED_VARIABLE = YES;
				IPHONEOS_DEPLOYMENT_TARGET = 12.2;
				MTL_ENABLE_DEBUG_INFO = INCLUDE_SOURCE;
				MTL_FAST_MATH = YES;
				ONLY_ACTIVE_ARCH = YES;
				SDKROOT = iphoneos;
				SWIFT_ACTIVE_COMPILATION_CONDITIONS = DEBUG;
				SWIFT_OPTIMIZATION_LEVEL = "-Onone";
			};
			name = Debug;
		};
		4117797022A3083000C91651 /* Release */ = {
			isa = XCBuildConfiguration;
			buildSettings = {
				ALWAYS_SEARCH_USER_PATHS = NO;
				CLANG_ANALYZER_NONNULL = YES;
				CLANG_ANALYZER_NUMBER_OBJECT_CONVERSION = YES_AGGRESSIVE;
				CLANG_CXX_LANGUAGE_STANDARD = "gnu++14";
				CLANG_CXX_LIBRARY = "libc++";
				CLANG_ENABLE_MODULES = YES;
				CLANG_ENABLE_OBJC_ARC = YES;
				CLANG_ENABLE_OBJC_WEAK = YES;
				CLANG_WARN_BLOCK_CAPTURE_AUTORELEASING = YES;
				CLANG_WARN_BOOL_CONVERSION = YES;
				CLANG_WARN_COMMA = YES;
				CLANG_WARN_CONSTANT_CONVERSION = YES;
				CLANG_WARN_DEPRECATED_OBJC_IMPLEMENTATIONS = YES;
				CLANG_WARN_DIRECT_OBJC_ISA_USAGE = YES_ERROR;
				CLANG_WARN_DOCUMENTATION_COMMENTS = YES;
				CLANG_WARN_EMPTY_BODY = YES;
				CLANG_WARN_ENUM_CONVERSION = YES;
				CLANG_WARN_INFINITE_RECURSION = YES;
				CLANG_WARN_INT_CONVERSION = YES;
				CLANG_WARN_NON_LITERAL_NULL_CONVERSION = YES;
				CLANG_WARN_OBJC_IMPLICIT_RETAIN_SELF = YES;
				CLANG_WARN_OBJC_LITERAL_CONVERSION = YES;
				CLANG_WARN_OBJC_ROOT_CLASS = YES_ERROR;
				CLANG_WARN_RANGE_LOOP_ANALYSIS = YES;
				CLANG_WARN_STRICT_PROTOTYPES = YES;
				CLANG_WARN_SUSPICIOUS_MOVE = YES;
				CLANG_WARN_UNGUARDED_AVAILABILITY = YES_AGGRESSIVE;
				CLANG_WARN_UNREACHABLE_CODE = YES;
				CLANG_WARN__DUPLICATE_METHOD_MATCH = YES;
				CODE_SIGN_IDENTITY = "iPhone Developer";
				COPY_PHASE_STRIP = NO;
				DEBUG_INFORMATION_FORMAT = "dwarf-with-dsym";
				ENABLE_NS_ASSERTIONS = NO;
				ENABLE_STRICT_OBJC_MSGSEND = YES;
				GCC_C_LANGUAGE_STANDARD = gnu11;
				GCC_NO_COMMON_BLOCKS = YES;
				GCC_WARN_64_TO_32_BIT_CONVERSION = YES;
				GCC_WARN_ABOUT_RETURN_TYPE = YES_ERROR;
				GCC_WARN_UNDECLARED_SELECTOR = YES;
				GCC_WARN_UNINITIALIZED_AUTOS = YES_AGGRESSIVE;
				GCC_WARN_UNUSED_FUNCTION = YES;
				GCC_WARN_UNUSED_VARIABLE = YES;
				IPHONEOS_DEPLOYMENT_TARGET = 12.2;
				MTL_ENABLE_DEBUG_INFO = NO;
				MTL_FAST_MATH = YES;
				SDKROOT = iphoneos;
				SWIFT_COMPILATION_MODE = wholemodule;
				SWIFT_OPTIMIZATION_LEVEL = "-O";
				VALIDATE_PRODUCT = YES;
			};
			name = Release;
		};
		4117797222A3083000C91651 /* Debug */ = {
			isa = XCBuildConfiguration;
			buildSettings = {
				ASSETCATALOG_COMPILER_APPICON_NAME = AppIcon;
				CODE_SIGN_STYLE = Automatic;
				DEVELOPMENT_TEAM = SC2GH4SA49;
				INFOPLIST_FILE = "$(SRCROOT)/Calculadora/Supporting Files/Info.plist";
				IPHONEOS_DEPLOYMENT_TARGET = 10.0;
				LD_RUNPATH_SEARCH_PATHS = (
					"$(inherited)",
					"@executable_path/Frameworks",
				);
				PRODUCT_BUNDLE_IDENTIFIER = Kato.Calculadora;
				PRODUCT_NAME = "$(TARGET_NAME)";
				SWIFT_VERSION = 5.0;
				TARGETED_DEVICE_FAMILY = "1,2";
			};
			name = Debug;
		};
		4117797322A3083000C91651 /* Release */ = {
			isa = XCBuildConfiguration;
			buildSettings = {
				ASSETCATALOG_COMPILER_APPICON_NAME = AppIcon;
				CODE_SIGN_STYLE = Automatic;
				DEVELOPMENT_TEAM = SC2GH4SA49;
				INFOPLIST_FILE = "$(SRCROOT)/Calculadora/Supporting Files/Info.plist";
				IPHONEOS_DEPLOYMENT_TARGET = 10.0;
				LD_RUNPATH_SEARCH_PATHS = (
					"$(inherited)",
					"@executable_path/Frameworks",
				);
				PRODUCT_BUNDLE_IDENTIFIER = Kato.Calculadora;
				PRODUCT_NAME = "$(TARGET_NAME)";
				SWIFT_VERSION = 5.0;
				TARGETED_DEVICE_FAMILY = "1,2";
			};
			name = Release;
		};
		4117797522A3083000C91651 /* Debug */ = {
			isa = XCBuildConfiguration;
			buildSettings = {
				ALWAYS_EMBED_SWIFT_STANDARD_LIBRARIES = YES;
				BUNDLE_LOADER = "$(TEST_HOST)";
				CODE_SIGN_STYLE = Automatic;
				DEVELOPMENT_TEAM = SC2GH4SA49;
				INFOPLIST_FILE = CalculadoraTests/Info.plist;
				LD_RUNPATH_SEARCH_PATHS = (
					"$(inherited)",
					"@executable_path/Frameworks",
					"@loader_path/Frameworks",
				);
				PRODUCT_BUNDLE_IDENTIFIER = Kato.CalculadoraTests;
				PRODUCT_NAME = "$(TARGET_NAME)";
				SWIFT_VERSION = 5.0;
				TARGETED_DEVICE_FAMILY = "1,2";
				TEST_HOST = "$(BUILT_PRODUCTS_DIR)/Calculadora.app/Calculadora";
			};
			name = Debug;
		};
		4117797622A3083000C91651 /* Release */ = {
			isa = XCBuildConfiguration;
			buildSettings = {
				ALWAYS_EMBED_SWIFT_STANDARD_LIBRARIES = YES;
				BUNDLE_LOADER = "$(TEST_HOST)";
				CODE_SIGN_STYLE = Automatic;
				DEVELOPMENT_TEAM = SC2GH4SA49;
				INFOPLIST_FILE = CalculadoraTests/Info.plist;
				LD_RUNPATH_SEARCH_PATHS = (
					"$(inherited)",
					"@executable_path/Frameworks",
					"@loader_path/Frameworks",
				);
				PRODUCT_BUNDLE_IDENTIFIER = Kato.CalculadoraTests;
				PRODUCT_NAME = "$(TARGET_NAME)";
				SWIFT_VERSION = 5.0;
				TARGETED_DEVICE_FAMILY = "1,2";
				TEST_HOST = "$(BUILT_PRODUCTS_DIR)/Calculadora.app/Calculadora";
			};
			name = Release;
		};
		4117797822A3083000C91651 /* Debug */ = {
			isa = XCBuildConfiguration;
			buildSettings = {
				ALWAYS_EMBED_SWIFT_STANDARD_LIBRARIES = YES;
				CODE_SIGN_STYLE = Automatic;
				DEVELOPMENT_TEAM = SC2GH4SA49;
				INFOPLIST_FILE = CalculadoraUITests/Info.plist;
				LD_RUNPATH_SEARCH_PATHS = (
					"$(inherited)",
					"@executable_path/Frameworks",
					"@loader_path/Frameworks",
				);
				PRODUCT_BUNDLE_IDENTIFIER = Kato.CalculadoraUITests;
				PRODUCT_NAME = "$(TARGET_NAME)";
				SWIFT_VERSION = 5.0;
				TARGETED_DEVICE_FAMILY = "1,2";
				TEST_TARGET_NAME = Calculadora;
			};
			name = Debug;
		};
		4117797922A3083000C91651 /* Release */ = {
			isa = XCBuildConfiguration;
			buildSettings = {
				ALWAYS_EMBED_SWIFT_STANDARD_LIBRARIES = YES;
				CODE_SIGN_STYLE = Automatic;
				DEVELOPMENT_TEAM = SC2GH4SA49;
				INFOPLIST_FILE = CalculadoraUITests/Info.plist;
				LD_RUNPATH_SEARCH_PATHS = (
					"$(inherited)",
					"@executable_path/Frameworks",
					"@loader_path/Frameworks",
				);
				PRODUCT_BUNDLE_IDENTIFIER = Kato.CalculadoraUITests;
				PRODUCT_NAME = "$(TARGET_NAME)";
				SWIFT_VERSION = 5.0;
				TARGETED_DEVICE_FAMILY = "1,2";
				TEST_TARGET_NAME = Calculadora;
			};
			name = Release;
		};
/* End XCBuildConfiguration section */

/* Begin XCConfigurationList section */
		4117794422A3082F00C91651 /* Build configuration list for PBXProject "Calculadora" */ = {
			isa = XCConfigurationList;
			buildConfigurations = (
				4117796F22A3083000C91651 /* Debug */,
				4117797022A3083000C91651 /* Release */,
			);
			defaultConfigurationIsVisible = 0;
			defaultConfigurationName = Release;
		};
		4117797122A3083000C91651 /* Build configuration list for PBXNativeTarget "Calculadora" */ = {
			isa = XCConfigurationList;
			buildConfigurations = (
				4117797222A3083000C91651 /* Debug */,
				4117797322A3083000C91651 /* Release */,
			);
			defaultConfigurationIsVisible = 0;
			defaultConfigurationName = Release;
		};
		4117797422A3083000C91651 /* Build configuration list for PBXNativeTarget "CalculadoraTests" */ = {
			isa = XCConfigurationList;
			buildConfigurations = (
				4117797522A3083000C91651 /* Debug */,
				4117797622A3083000C91651 /* Release */,
			);
			defaultConfigurationIsVisible = 0;
			defaultConfigurationName = Release;
		};
		4117797722A3083000C91651 /* Build configuration list for PBXNativeTarget "CalculadoraUITests" */ = {
			isa = XCConfigurationList;
			buildConfigurations = (
				4117797822A3083000C91651 /* Debug */,
				4117797922A3083000C91651 /* Release */,
			);
			defaultConfigurationIsVisible = 0;
			defaultConfigurationName = Release;
		};
/* End XCConfigurationList section */
	};
	rootObject = 4117794122A3082F00C91651 /* Project object */;
}
